
Microsoft Visual Studio Solution File, Format Version 12.00
# Visual Studio 15
VisualStudioVersion = 15.0.28307.421
MinimumVisualStudioVersion = 10.0.40219.1
Project("{FAE04EC0-301F-11D3-BF4B-00C04F79EFBC}") = "WcfAritmetica", "WcfAritmetica\WcfAritmetica.csproj", "{FBFA7FFF-DD83-4ECF-9E5D-2A7C9BD54EA3}"
EndProject
Global
	GlobalSection(SolutionConfigurationPlatforms) = preSolution
		Debug|Any CPU = Debug|Any CPU
		Release|Any CPU = Release|Any CPU
	EndGlobalSection
	GlobalSection(ProjectConfigurationPlatforms) = postSolution
		{FBFA7FFF-DD83-4ECF-9E5D-2A7C9BD54EA3}.Debug|Any CPU.ActiveCfg = Debug|Any CPU
		{FBFA7FFF-DD83-4ECF-9E5D-2A7C9BD54EA3}.Debug|Any CPU.Build.0 = Debug|Any CPU
		{FBFA7FFF-DD83-4ECF-9E5D-2A7C9BD54EA3}.Release|Any CPU.ActiveCfg = Release|Any CPU
		{FBFA7FFF-DD83-4ECF-9E5D-2A7C9BD54EA3}.Release|Any CPU.Build.0 = Release|Any CPU
	EndGlobalSection
	GlobalSection(SolutionProperties) = preSolution
		HideSolutionNode = FALSE
	EndGlobalSection
	GlobalSection(ExtensibilityGlobals) = postSolution
		SolutionGuid = {D8A81D52-75B1-43FA-B46D-7DBAB7A3EA44}
	EndGlobalSection
EndGlobal
